
Microsoft Visual Studio Solution File, Format Version 12.00
# Visual Studio Version 17
VisualStudioVersion = 17.14.37502.11
MinimumVisualStudioVersion = 10.0.40219.1
Project("{FAE04EC0-301F-11D3-BF4B-00C04F79EFBC}") = "CapaControlador_MVC1", "CapaControlador_MVC1\CapaControlador_MVC1.csproj", "{D76C6CAD-5613-4C9D-8074-CE00F624C6FC}"
EndProject
Project("{FAE04EC0-301F-11D3-BF4B-00C04F79EFBC}") = "CapaModelo_MVC1", "CapaModelo_MVC1\CapaModelo_MVC1.csproj", "{11478257-643E-4652-A045-B7C2B9D4D0D6}"
EndProject
Project("{FAE04EC0-301F-11D3-BF4B-00C04F79EFBC}") = "CapaVista_MVC11", "CapaVista_MVC11\CapaVista_MVC11.csproj", "{2412C263-AA50-4963-825F-8956AD05CDF0}"
EndProject
Global
	GlobalSection(SolutionConfigurationPlatforms) = preSolution
		Debug|Any CPU = Debug|Any CPU
		Release|Any CPU = Release|Any CPU
	EndGlobalSection
	GlobalSection(ProjectConfigurationPlatforms) = postSolution
		{D76C6CAD-5613-4C9D-8074-CE00F624C6FC}.Debug|Any CPU.ActiveCfg = Debug|Any CPU
		{D76C6CAD-5613-4C9D-8074-CE00F624C6FC}.Debug|Any CPU.Build.0 = Debug|Any CPU
		{D76C6CAD-5613-4C9D-8074-CE00F624C6FC}.Release|Any CPU.ActiveCfg = Release|Any CPU
		{D76C6CAD-5613-4C9D-8074-CE00F624C6FC}.Release|Any CPU.Build.0 = Release|Any CPU
		{11478257-643E-4652-A045-B7C2B9D4D0D6}.Debug|Any CPU.ActiveCfg = Debug|Any CPU
		{11478257-643E-4652-A045-B7C2B9D4D0D6}.Debug|Any CPU.Build.0 = Debug|Any CPU
		{11478257-643E-4652-A045-B7C2B9D4D0D6}.Release|Any CPU.ActiveCfg = Release|Any CPU
		{11478257-643E-4652-A045-B7C2B9D4D0D6}.Release|Any CPU.Build.0 = Release|Any CPU
		{2412C263-AA50-4963-825F-8956AD05CDF0}.Debug|Any CPU.ActiveCfg = Debug|Any CPU
		{2412C263-AA50-4963-825F-8956AD05CDF0}.Debug|Any CPU.Build.0 = Debug|Any CPU
		{2412C263-AA50-4963-825F-8956AD05CDF0}.Release|Any CPU.ActiveCfg = Release|Any CPU
		{2412C263-AA50-4963-825F-8956AD05CDF0}.Release|Any CPU.Build.0 = Release|Any CPU
	EndGlobalSection
	GlobalSection(SolutionProperties) = preSolution
		HideSolutionNode = FALSE
	EndGlobalSection
	GlobalSection(ExtensibilityGlobals) = postSolution
		SolutionGuid = {B2D8A11B-3AA7-4C9E-B767-A02B4A2649D7}
	EndGlobalSection
EndGlobal
